
Microsoft Visual Studio Solution File, Format Version 12.00
# Visual Studio 14
VisualStudioVersion = 14.0.25420.1
MinimumVisualStudioVersion = 10.0.40219.1
Project("{2150E333-8FDC-42A3-9474-1A3956D46DE8}") = "src", "src", "{FA2672CC-C1C2-4BFE-A6FA-84CB0B3B961F}"
EndProject
Project("{2150E333-8FDC-42A3-9474-1A3956D46DE8}") = "test", "test", "{5BBD94BD-05B3-46A0-86E5-01389863B5C1}"
EndProject
Project("{2150E333-8FDC-42A3-9474-1A3956D46DE8}") = "tools", "tools", "{E3B6DF17-9750-4C79-A30E-BFCB800B4A06}"
EndProject
Project("{8BB2217D-0F2D-49D1-97BC-3654ED321F3B}") = "WeChatSDK.Abstractions", "src\WeChatSDK.Abstractions\WeChatSDK.Abstractions.xproj", "{0E4CC2F8-5CD9-475F-90BC-0994A3CC77B0}"
EndProject
Project("{8BB2217D-0F2D-49D1-97BC-3654ED321F3B}") = "WeChatSDK.MP.Api", "src\WeChatSDK.MP.Api\WeChatSDK.MP.Api.xproj", "{A970EA8E-1757-425D-A944-013F62CEE330}"
EndProject
Project("{8BB2217D-0F2D-49D1-97BC-3654ED321F3B}") = "WeChatSDK.MP.MsgProcess", "src\WeChatSDK.MP.MsgProcess\WeChatSDK.MP.MsgProcess.xproj", "{73192443-1D7A-4590-A5A2-2448D1402190}"
EndProject
Project("{8BB2217D-0F2D-49D1-97BC-3654ED321F3B}") = "WeChatSDK.Pay.CommonApi", "src\WeChatSDK.Pay.CommonApi\WeChatSDK.Pay.CommonApi.xproj", "{1DC21EC9-67B5-4BCA-97BA-87671E70A318}"
EndProject
Project("{8BB2217D-0F2D-49D1-97BC-3654ED321F3B}") = "WeChatSDK.Pay.MicroPayApi", "src\WeChatSDK.Pay.MicroPayApi\WeChatSDK.Pay.MicroPayApi.xproj", "{F5DC2087-8F1C-4121-BA68-0EB32F71E8DA}"
EndProject
Project("{8BB2217D-0F2D-49D1-97BC-3654ED321F3B}") = "WeChatSDK.Pay.MPPayApi", "src\WeChatSDK.Pay.MPPayApi\WeChatSDK.Pay.MPPayApi.xproj", "{8A4CE544-2BF4-4B07-96B6-A3A659F0AEC4}"
EndProject
Project("{8BB2217D-0F2D-49D1-97BC-3654ED321F3B}") = "WeChatSDK.PayTools.EntPaymentApi", "src\WeChatSDK.PayTools.EntPaymentApi\WeChatSDK.PayTools.EntPaymentApi.xproj", "{01B73082-F9C3-4434-A991-84F26BFE614D}"
EndProject
Project("{8BB2217D-0F2D-49D1-97BC-3654ED321F3B}") = "WeChatSDK.Common", "src\WeChatSDK.Common\WeChatSDK.Common.xproj", "{817BB5F2-250B-42C8-8E2F-451EF578AF46}"
EndProject
Project("{8BB2217D-0F2D-49D1-97BC-3654ED321F3B}") = "WeChatSDK.Abstractions.Test", "test\WeChatSDK.Abstractions.Test\WeChatSDK.Abstractions.Test.xproj", "{F703A1C4-1A23-4854-9190-CF5A93EA74B2}"
EndProject
Project("{8BB2217D-0F2D-49D1-97BC-3654ED321F3B}") = "WeChatSDK.Common.Test", "test\WeChatSDK.Common.Test\WeChatSDK.Common.Test.xproj", "{C41195C7-5172-4430-88FA-DED8D2F95323}"
EndProject
Project("{8BB2217D-0F2D-49D1-97BC-3654ED321F3B}") = "WeChatSDK.MP.Api.Test", "test\WeChatSDK.MP.Api.Test\WeChatSDK.MP.Api.Test.xproj", "{62DC2820-F57E-4D21-A2F0-7D317D91CC2B}"
EndProject
Project("{8BB2217D-0F2D-49D1-97BC-3654ED321F3B}") = "WeChatSDK.MP.MsgProcess.Test", "test\WeChatSDK.MP.MsgProcess.Test\WeChatSDK.MP.MsgProcess.Test.xproj", "{391844AC-FC7B-49FC-8BAC-3621541C7267}"
EndProject
Project("{8BB2217D-0F2D-49D1-97BC-3654ED321F3B}") = "WeChatSDK.Pay.CommonApi.Test", "test\WeChatSDK.Pay.CommonApi.Test\WeChatSDK.Pay.CommonApi.Test.xproj", "{D71FCDA8-C6D7-4FD8-9BB1-369D4D483369}"
EndProject
Project("{8BB2217D-0F2D-49D1-97BC-3654ED321F3B}") = "WeChatSDK.Pay.MicroPayApi.Test", "test\WeChatSDK.Pay.MicroPayApi.Test\WeChatSDK.Pay.MicroPayApi.Test.xproj", "{C129590D-0AA5-4434-A107-D4460B2982B2}"
EndProject
Project("{8BB2217D-0F2D-49D1-97BC-3654ED321F3B}") = "WeChatSDK.Pay.MPPayApi.Test", "test\WeChatSDK.Pay.MPPayApi.Test\WeChatSDK.Pay.MPPayApi.Test.xproj", "{A50F2C1A-3B15-4DE5-A682-89C64D341AFE}"
EndProject
Project("{8BB2217D-0F2D-49D1-97BC-3654ED321F3B}") = "WeChatSDK.PayTools.EntPaymentApi.Test", "test\WeChatSDK.PayTools.EntPaymentApi.Test\WeChatSDK.PayTools.EntPaymentApi.Test.xproj", "{EBC07239-ADBF-4AFB-82DA-FE5F64A4C83D}"
EndProject
Project("{2150E333-8FDC-42A3-9474-1A3956D46DE8}") = "Solution Items", "Solution Items", "{9DD22AE8-E264-463B-8A5C-39DEDA5295E6}"
	ProjectSection(SolutionItems) = preProject
		global.json = global.json
	EndProjectSection
EndProject
Global
	GlobalSection(SolutionConfigurationPlatforms) = preSolution
		Debug|Any CPU = Debug|Any CPU
		Release|Any CPU = Release|Any CPU
	EndGlobalSection
	GlobalSection(ProjectConfigurationPlatforms) = postSolution
		{0E4CC2F8-5CD9-475F-90BC-0994A3CC77B0}.Debug|Any CPU.ActiveCfg = Debug|Any CPU
		{0E4CC2F8-5CD9-475F-90BC-0994A3CC77B0}.Debug|Any CPU.Build.0 = Debug|Any CPU
		{0E4CC2F8-5CD9-475F-90BC-0994A3CC77B0}.Release|Any CPU.ActiveCfg = Release|Any CPU
		{0E4CC2F8-5CD9-475F-90BC-0994A3CC77B0}.Release|Any CPU.Build.0 = Release|Any CPU
		{A970EA8E-1757-425D-A944-013F62CEE330}.Debug|Any CPU.ActiveCfg = Debug|Any CPU
		{A970EA8E-1757-425D-A944-013F62CEE330}.Debug|Any CPU.Build.0 = Debug|Any CPU
		{A970EA8E-1757-425D-A944-013F62CEE330}.Release|Any CPU.ActiveCfg = Release|Any CPU
		{A970EA8E-1757-425D-A944-013F62CEE330}.Release|Any CPU.Build.0 = Release|Any CPU
		{73192443-1D7A-4590-A5A2-2448D1402190}.Debug|Any CPU.ActiveCfg = Debug|Any CPU
		{73192443-1D7A-4590-A5A2-2448D1402190}.Debug|Any CPU.Build.0 = Debug|Any CPU
		{73192443-1D7A-4590-A5A2-2448D1402190}.Release|Any CPU.ActiveCfg = Release|Any CPU
		{73192443-1D7A-4590-A5A2-2448D1402190}.Release|Any CPU.Build.0 = Release|Any CPU
		{1DC21EC9-67B5-4BCA-97BA-87671E70A318}.Debug|Any CPU.ActiveCfg = Debug|Any CPU
		{1DC21EC9-67B5-4BCA-97BA-87671E70A318}.Debug|Any CPU.Build.0 = Debug|Any CPU
		{1DC21EC9-67B5-4BCA-97BA-87671E70A318}.Release|Any CPU.ActiveCfg = Release|Any CPU
		{1DC21EC9-67B5-4BCA-97BA-87671E70A318}.Release|Any CPU.Build.0 = Release|Any CPU
		{F5DC2087-8F1C-4121-BA68-0EB32F71E8DA}.Debug|Any CPU.ActiveCfg = Debug|Any CPU
		{F5DC2087-8F1C-4121-BA68-0EB32F71E8DA}.Debug|Any CPU.Build.0 = Debug|Any CPU
		{F5DC2087-8F1C-4121-BA68-0EB32F71E8DA}.Release|Any CPU.ActiveCfg = Release|Any CPU
		{F5DC2087-8F1C-4121-BA68-0EB32F71E8DA}.Release|Any CPU.Build.0 = Release|Any CPU
		{8A4CE544-2BF4-4B07-96B6-A3A659F0AEC4}.Debug|Any CPU.ActiveCfg = Debug|Any CPU
		{8A4CE544-2BF4-4B07-96B6-A3A659F0AEC4}.Debug|Any CPU.Build.0 = Debug|Any CPU
		{8A4CE544-2BF4-4B07-96B6-A3A659F0AEC4}.Release|Any CPU.ActiveCfg = Release|Any CPU
		{8A4CE544-2BF4-4B07-96B6-A3A659F0AEC4}.Release|Any CPU.Build.0 = Release|Any CPU
		{01B73082-F9C3-4434-A991-84F26BFE614D}.Debug|Any CPU.ActiveCfg = Debug|Any CPU
		{01B73082-F9C3-4434-A991-84F26BFE614D}.Debug|Any CPU.Build.0 = Debug|Any CPU
		{01B73082-F9C3-4434-A991-84F26BFE614D}.Release|Any CPU.ActiveCfg = Release|Any CPU
		{01B73082-F9C3-4434-A991-84F26BFE614D}.Release|Any CPU.Build.0 = Release|Any CPU
		{817BB5F2-250B-42C8-8E2F-451EF578AF46}.Debug|Any CPU.ActiveCfg = Debug|Any CPU
		{817BB5F2-250B-42C8-8E2F-451EF578AF46}.Debug|Any CPU.Build.0 = Debug|Any CPU
		{817BB5F2-250B-42C8-8E2F-451EF578AF46}.Release|Any CPU.ActiveCfg = Release|Any CPU
		{817BB5F2-250B-42C8-8E2F-451EF578AF46}.Release|Any CPU.Build.0 = Release|Any CPU
		{F703A1C4-1A23-4854-9190-CF5A93EA74B2}.Debug|Any CPU.ActiveCfg = Debug|Any CPU
		{F703A1C4-1A23-4854-9190-CF5A93EA74B2}.Debug|Any CPU.Build.0 = Debug|Any CPU
		{F703A1C4-1A23-4854-9190-CF5A93EA74B2}.Release|Any CPU.ActiveCfg = Release|Any CPU
		{F703A1C4-1A23-4854-9190-CF5A93EA74B2}.Release|Any CPU.Build.0 = Release|Any CPU
		{C41195C7-5172-4430-88FA-DED8D2F95323}.Debug|Any CPU.ActiveCfg = Debug|Any CPU
		{C41195C7-5172-4430-88FA-DED8D2F95323}.Debug|Any CPU.Build.0 = Debug|Any CPU
		{C41195C7-5172-4430-88FA-DED8D2F95323}.Release|Any CPU.ActiveCfg = Release|Any CPU
		{C41195C7-5172-4430-88FA-DED8D2F95323}.Release|Any CPU.Build.0 = Release|Any CPU
		{62DC2820-F57E-4D21-A2F0-7D317D91CC2B}.Debug|Any CPU.ActiveCfg = Debug|Any CPU
		{62DC2820-F57E-4D21-A2F0-7D317D91CC2B}.Debug|Any CPU.Build.0 = Debug|Any CPU
		{62DC2820-F57E-4D21-A2F0-7D317D91CC2B}.Release|Any CPU.ActiveCfg = Release|Any CPU
		{62DC2820-F57E-4D21-A2F0-7D317D91CC2B}.Release|Any CPU.Build.0 = Release|Any CPU
		{391844AC-FC7B-49FC-8BAC-3621541C7267}.Debug|Any CPU.ActiveCfg = Debug|Any CPU
		{391844AC-FC7B-49FC-8BAC-3621541C7267}.Debug|Any CPU.Build.0 = Debug|Any CPU
		{391844AC-FC7B-49FC-8BAC-3621541C7267}.Release|Any CPU.ActiveCfg = Release|Any CPU
		{391844AC-FC7B-49FC-8BAC-3621541C7267}.Release|Any CPU.Build.0 = Release|Any CPU
		{D71FCDA8-C6D7-4FD8-9BB1-369D4D483369}.Debug|Any CPU.ActiveCfg = Debug|Any CPU
		{D71FCDA8-C6D7-4FD8-9BB1-369D4D483369}.Debug|Any CPU.Build.0 = Debug|Any CPU
		{D71FCDA8-C6D7-4FD8-9BB1-369D4D483369}.Release|Any CPU.ActiveCfg = Release|Any CPU
		{D71FCDA8-C6D7-4FD8-9BB1-369D4D483369}.Release|Any CPU.Build.0 = Release|Any CPU
		{C129590D-0AA5-4434-A107-D4460B2982B2}.Debug|Any CPU.ActiveCfg = Debug|Any CPU
		{C129590D-0AA5-4434-A107-D4460B2982B2}.Debug|Any CPU.Build.0 = Debug|Any CPU
		{C129590D-0AA5-4434-A107-D4460B2982B2}.Release|Any CPU.ActiveCfg = Release|Any CPU
		{C129590D-0AA5-4434-A107-D4460B2982B2}.Release|Any CPU.Build.0 = Release|Any CPU
		{A50F2C1A-3B15-4DE5-A682-89C64D341AFE}.Debug|Any CPU.ActiveCfg = Debug|Any CPU
		{A50F2C1A-3B15-4DE5-A682-89C64D341AFE}.Debug|Any CPU.Build.0 = Debug|Any CPU
		{A50F2C1A-3B15-4DE5-A682-89C64D341AFE}.Release|Any CPU.ActiveCfg = Release|Any CPU
		{A50F2C1A-3B15-4DE5-A682-89C64D341AFE}.Release|Any CPU.Build.0 = Release|Any CPU
		{EBC07239-ADBF-4AFB-82DA-FE5F64A4C83D}.Debug|Any CPU.ActiveCfg = Debug|Any CPU
		{EBC07239-ADBF-4AFB-82DA-FE5F64A4C83D}.Debug|Any CPU.Build.0 = Debug|Any CPU
		{EBC07239-ADBF-4AFB-82DA-FE5F64A4C83D}.Release|Any CPU.ActiveCfg = Release|Any CPU
		{EBC07239-ADBF-4AFB-82DA-FE5F64A4C83D}.Release|Any CPU.Build.0 = Release|Any CPU
	EndGlobalSection
	GlobalSection(SolutionProperties) = preSolution
		HideSolutionNode = FALSE
	EndGlobalSection
	GlobalSection(NestedProjects) = preSolution
		{0E4CC2F8-5CD9-475F-90BC-0994A3CC77B0} = {FA2672CC-C1C2-4BFE-A6FA-84CB0B3B961F}
		{A970EA8E-1757-425D-A944-013F62CEE330} = {FA2672CC-C1C2-4BFE-A6FA-84CB0B3B961F}
		{73192443-1D7A-4590-A5A2-2448D1402190} = {FA2672CC-C1C2-4BFE-A6FA-84CB0B3B961F}
		{1DC21EC9-67B5-4BCA-97BA-87671E70A318} = {FA2672CC-C1C2-4BFE-A6FA-84CB0B3B961F}
		{F5DC2087-8F1C-4121-BA68-0EB32F71E8DA} = {FA2672CC-C1C2-4BFE-A6FA-84CB0B3B961F}
		{8A4CE544-2BF4-4B07-96B6-A3A659F0AEC4} = {FA2672CC-C1C2-4BFE-A6FA-84CB0B3B961F}
		{01B73082-F9C3-4434-A991-84F26BFE614D} = {FA2672CC-C1C2-4BFE-A6FA-84CB0B3B961F}
		{817BB5F2-250B-42C8-8E2F-451EF578AF46} = {FA2672CC-C1C2-4BFE-A6FA-84CB0B3B961F}
		{F703A1C4-1A23-4854-9190-CF5A93EA74B2} = {5BBD94BD-05B3-46A0-86E5-01389863B5C1}
		{C41195C7-5172-4430-88FA-DED8D2F95323} = {5BBD94BD-05B3-46A0-86E5-01389863B5C1}
		{62DC2820-F57E-4D21-A2F0-7D317D91CC2B} = {5BBD94BD-05B3-46A0-86E5-01389863B5C1}
		{391844AC-FC7B-49FC-8BAC-3621541C7267} = {5BBD94BD-05B3-46A0-86E5-01389863B5C1}
		{D71FCDA8-C6D7-4FD8-9BB1-369D4D483369} = {5BBD94BD-05B3-46A0-86E5-01389863B5C1}
		{C129590D-0AA5-4434-A107-D4460B2982B2} = {5BBD94BD-05B3-46A0-86E5-01389863B5C1}
		{A50F2C1A-3B15-4DE5-A682-89C64D341AFE} = {5BBD94BD-05B3-46A0-86E5-01389863B5C1}
		{EBC07239-ADBF-4AFB-82DA-FE5F64A4C83D} = {5BBD94BD-05B3-46A0-86E5-01389863B5C1}
	EndGlobalSection
EndGlobal
